
Microsoft Visual Studio Solution File, Format Version 12.00
# Visual Studio Version 16
VisualStudioVersion = 16.0.28803.352
MinimumVisualStudioVersion = 10.0.40219.1
Project("{FAE04EC0-301F-11D3-BF4B-00C04F79EFBC}") = "KeyrateTaskbar", "KeyrateTaskbar\KeyrateTaskbar.csproj", "{B1A092FA-DE26-4A0B-90D4-BCCDE9C716A8}"
EndProject
Project("{8BC9CEB8-8B4A-11D0-8D11-00A0C91BC942}") = "keyrate_cpp", "keyrate_cpp\keyrate_cpp.vcxproj", "{35161763-A6D5-455A-AD34-90A07DB3F7DE}"
EndProject
Global
	GlobalSection(SolutionConfigurationPlatforms) = preSolution
		Debug|Any CPU = Debug|Any CPU
		Debug|x64 = Debug|x64
		Debug|x86 = Debug|x86
		Release|Any CPU = Release|Any CPU
		Release|x64 = Release|x64
		Release|x86 = Release|x86
	EndGlobalSection
	GlobalSection(ProjectConfigurationPlatforms) = postSolution
		{B1A092FA-DE26-4A0B-90D4-BCCDE9C716A8}.Debug|Any CPU.ActiveCfg = Debug|Any CPU
		{B1A092FA-DE26-4A0B-90D4-BCCDE9C716A8}.Debug|Any CPU.Build.0 = Debug|Any CPU
		{B1A092FA-DE26-4A0B-90D4-BCCDE9C716A8}.Debug|x64.ActiveCfg = Debug|Any CPU
		{B1A092FA-DE26-4A0B-90D4-BCCDE9C716A8}.Debug|x64.Build.0 = Debug|Any CPU
		{B1A092FA-DE26-4A0B-90D4-BCCDE9C716A8}.Debug|x86.ActiveCfg = Debug|Any CPU
		{B1A092FA-DE26-4A0B-90D4-BCCDE9C716A8}.Debug|x86.Build.0 = Debug|Any CPU
		{B1A092FA-DE26-4A0B-90D4-BCCDE9C716A8}.Release|Any CPU.ActiveCfg = Release|Any CPU
		{B1A092FA-DE26-4A0B-90D4-BCCDE9C716A8}.Release|Any CPU.Build.0 = Release|Any CPU
		{B1A092FA-DE26-4A0B-90D4-BCCDE9C716A8}.Release|x64.ActiveCfg = Release|Any CPU
		{B1A092FA-DE26-4A0B-90D4-BCCDE9C716A8}.Release|x64.Build.0 = Release|Any CPU
		{B1A092FA-DE26-4A0B-90D4-BCCDE9C716A8}.Release|x86.ActiveCfg = Release|Any CPU
		{B1A092FA-DE26-4A0B-90D4-BCCDE9C716A8}.Release|x86.Build.0 = Release|Any CPU
		{35161763-A6D5-455A-AD34-90A07DB3F7DE}.Debug|Any CPU.ActiveCfg = Debug|Win32
		{35161763-A6D5-455A-AD34-90A07DB3F7DE}.Debug|Any CPU.Build.0 = Debug|Win32
		{35161763-A6D5-455A-AD34-90A07DB3F7DE}.Debug|x64.ActiveCfg = Debug|x64
		{35161763-A6D5-455A-AD34-90A07DB3F7DE}.Debug|x64.Build.0 = Debug|x64
		{35161763-A6D5-455A-AD34-90A07DB3F7DE}.Debug|x86.ActiveCfg = Debug|Win32
		{35161763-A6D5-455A-AD34-90A07DB3F7DE}.Debug|x86.Build.0 = Debug|Win32
		{35161763-A6D5-455A-AD34-90A07DB3F7DE}.Release|Any CPU.ActiveCfg = Release|Win32
		{35161763-A6D5-455A-AD34-90A07DB3F7DE}.Release|Any CPU.Build.0 = Release|Win32
		{35161763-A6D5-455A-AD34-90A07DB3F7DE}.Release|x64.ActiveCfg = Release|x64
		{35161763-A6D5-455A-AD34-90A07DB3F7DE}.Release|x64.Build.0 = Release|x64
		{35161763-A6D5-455A-AD34-90A07DB3F7DE}.Release|x86.ActiveCfg = Release|Win32
		{35161763-A6D5-455A-AD34-90A07DB3F7DE}.Release|x86.Build.0 = Release|Win32
	EndGlobalSection
	GlobalSection(SolutionProperties) = preSolution
		HideSolutionNode = FALSE
	EndGlobalSection
	GlobalSection(ExtensibilityGlobals) = postSolution
		SolutionGuid = {04585795-9714-4317-8D40-30CC61C34436}
	EndGlobalSection
EndGlobal
